# This file was autogenerated by Stack.
# You should not edit this file by hand.
# For more information, please see the documentation at:
#   https://docs.haskellstack.org/en/stable/lock_files

packages:
- completed:
    hackage: tasty-quickcheck-laws-0.0.3@sha256:a33a458e2a98feee96be41969382a63c9570fdbca262f07e56d6b4d0228b36cd,2105
    pantry-tree:
      size: 1528
      sha256: fb68e01210ba5d9d979b1803a074ff8a2ab4972cfe2d2f6b6863a382914415e5
  original:
    hackage: tasty-quickcheck-laws-0.0.3@sha256:a33a458e2a98feee96be41969382a63c9570fdbca262f07e56d6b4d0228b36cd,2105
- completed:
    name: tasty-hedgehog
    version: 1.0.0.2
    git: https://github.com/mbg/tasty-hedgehog
    pantry-tree:
      size: 916
      sha256: d709950962551976cc6fa41f53e3b9c11a6ad106e8f7dbbfe227daa765e89fed
    commit: ceadcd78cf96ef2a0fb63d353aaa43f2e51b40a8
  original:
    git: https://github.com/mbg/tasty-hedgehog
    commit: ceadcd78cf96ef2a0fb63d353aaa43f2e51b40a8
snapshots:
- completed:
    size: 586110
    url: https://raw.githubusercontent.com/commercialhaskell/stackage-snapshots/master/lts/18/21.yaml
    sha256: ce4fb8d44f3c6c6032060a02e0ebb1bd29937c9a70101c1517b92a87d9515160
  original: lts-18.21
